// !$*UTF8*$!
{
	archiveVersion = 1;
	classes = {
	};
	objectVersion = 51;
	objects = {

/* Begin PBXBuildFile section */
		611A0E38BF0DB35F1A55A369 /* Pods_EventHunter.framework in Frameworks */ = {isa = PBXBuildFile; fileRef = 19D5D3020846A0CBD06B2A75 /* Pods_EventHunter.framework */; };
		850201D725892B200085F0E4 /* DetailsEventViewModel.swift in Sources */ = {isa = PBXBuildFile; fileRef = 850201D625892B200085F0E4 /* DetailsEventViewModel.swift */; };
		850201D92589322D0085F0E4 /* DetailsEventViewCell.swift in Sources */ = {isa = PBXBuildFile; fileRef = 850201D82589322D0085F0E4 /* DetailsEventViewCell.swift */; };
		850201E62589543E0085F0E4 /* EventListCustomView.swift in Sources */ = {isa = PBXBuildFile; fileRef = 850201E52589543E0085F0E4 /* EventListCustomView.swift */; };
		850201E825895B950085F0E4 /* DetailsEventCustomView.swift in Sources */ = {isa = PBXBuildFile; fileRef = 850201E725895B950085F0E4 /* DetailsEventCustomView.swift */; };
		85020202258A899F0085F0E4 /* FormCheckinViewModel.swift in Sources */ = {isa = PBXBuildFile; fileRef = 85020201258A899F0085F0E4 /* FormCheckinViewModel.swift */; };
		85020204258A89CD0085F0E4 /* FormCheckinCustomView.swift in Sources */ = {isa = PBXBuildFile; fileRef = 85020203258A89CD0085F0E4 /* FormCheckinCustomView.swift */; };
		85020208258A8C810085F0E4 /* MapEventViewModel.swift in Sources */ = {isa = PBXBuildFile; fileRef = 85020207258A8C810085F0E4 /* MapEventViewModel.swift */; };
		8502020A258A8CAE0085F0E4 /* MapEventCustomView.swift in Sources */ = {isa = PBXBuildFile; fileRef = 85020209258A8CAE0085F0E4 /* MapEventCustomView.swift */; };
		852A6086258B882600730EB2 /* Localizable.strings in Resources */ = {isa = PBXBuildFile; fileRef = 852A6088258B882600730EB2 /* Localizable.strings */; };
		852A6096258BC55C00730EB2 /* EventHunterUITests.swift in Sources */ = {isa = PBXBuildFile; fileRef = 852A6095258BC55C00730EB2 /* EventHunterUITests.swift */; };
		85472C2F258851C100B8739F /* mNetwork.framework in Frameworks */ = {isa = PBXBuildFile; fileRef = 85472C2E258851C100B8739F /* mNetwork.framework */; };
		85472C30258851C100B8739F /* mNetwork.framework in Embed Frameworks */ = {isa = PBXBuildFile; fileRef = 85472C2E258851C100B8739F /* mNetwork.framework */; settings = {ATTRIBUTES = (CodeSignOnCopy, RemoveHeadersOnCopy, ); }; };
		85472C37258854D700B8739F /* EventViewController.swift in Sources */ = {isa = PBXBuildFile; fileRef = 85472C36258854D700B8739F /* EventViewController.swift */; };
		85472C392588554400B8739F /* EventListViewModelProtocol.swift in Sources */ = {isa = PBXBuildFile; fileRef = 85472C382588554400B8739F /* EventListViewModelProtocol.swift */; };
		855E676526D87F5A000E9DCD /* EventListViewModelDelegate.swift in Sources */ = {isa = PBXBuildFile; fileRef = 855E676426D87F5A000E9DCD /* EventListViewModelDelegate.swift */; };
		855E676926D88632000E9DCD /* ErrorView.swift in Sources */ = {isa = PBXBuildFile; fileRef = 855E676826D88632000E9DCD /* ErrorView.swift */; };
		85627D272587F937009DF0C8 /* AppDelegate.swift in Sources */ = {isa = PBXBuildFile; fileRef = 85627D262587F937009DF0C8 /* AppDelegate.swift */; };
		85627D302587F938009DF0C8 /* Assets.xcassets in Resources */ = {isa = PBXBuildFile; fileRef = 85627D2F2587F938009DF0C8 /* Assets.xcassets */; };
		85627D332587F938009DF0C8 /* LaunchScreen.storyboard in Resources */ = {isa = PBXBuildFile; fileRef = 85627D312587F938009DF0C8 /* LaunchScreen.storyboard */; };
		8580FD0A258FB32500BB9DE1 /* EventModel.swift in Sources */ = {isa = PBXBuildFile; fileRef = 8580FD09258FB32500BB9DE1 /* EventModel.swift */; };
		8591B528258AA605008AE1B5 /* checking.json in Resources */ = {isa = PBXBuildFile; fileRef = 8591B527258AA605008AE1B5 /* checking.json */; };
		85A24F5C2588D24500692C8E /* EventListViewModel.swift in Sources */ = {isa = PBXBuildFile; fileRef = 85A24F5B2588D24500692C8E /* EventListViewModel.swift */; };
		85A24F5F2588D5D000692C8E /* EventCardViewCell.swift in Sources */ = {isa = PBXBuildFile; fileRef = 85A24F5E2588D5D000692C8E /* EventCardViewCell.swift */; };
		85A24F872588D7B300692C8E /* mCore.framework in Frameworks */ = {isa = PBXBuildFile; fileRef = 85A24F862588D7B300692C8E /* mCore.framework */; };
		85A24F882588D7B300692C8E /* mCore.framework in Embed Frameworks */ = {isa = PBXBuildFile; fileRef = 85A24F862588D7B300692C8E /* mCore.framework */; settings = {ATTRIBUTES = (CodeSignOnCopy, RemoveHeadersOnCopy, ); }; };
		85C27B77259127630013C23D /* EventHunterTests.swift in Sources */ = {isa = PBXBuildFile; fileRef = 85C27B76259127630013C23D /* EventHunterTests.swift */; };
/* End PBXBuildFile section */

/* Begin PBXContainerItemProxy section */
		852A6098258BC55C00730EB2 /* PBXContainerItemProxy */ = {
			isa = PBXContainerItemProxy;
			containerPortal = 85627D1B2587F937009DF0C8 /* Project object */;
			proxyType = 1;
			remoteGlobalIDString = 85627D222587F937009DF0C8;
			remoteInfo = EventHunter;
		};
		85C27B79259127630013C23D /* PBXContainerItemProxy */ = {
			isa = PBXContainerItemProxy;
			containerPortal = 85627D1B2587F937009DF0C8 /* Project object */;
			proxyType = 1;
			remoteGlobalIDString = 85627D222587F937009DF0C8;
			remoteInfo = EventHunter;
		};
/* End PBXContainerItemProxy section */

/* Begin PBXCopyFilesBuildPhase section */
		85472C31258851C200B8739F /* Embed Frameworks */ = {
			isa = PBXCopyFilesBuildPhase;
			buildActionMask = 2147483647;
			dstPath = "";
			dstSubfolderSpec = 10;
			files = (
				85472C30258851C100B8739F /* mNetwork.framework in Embed Frameworks */,
				85A24F882588D7B300692C8E /* mCore.framework in Embed Frameworks */,
			);
			name = "Embed Frameworks";
			runOnlyForDeploymentPostprocessing = 0;
		};
/* End PBXCopyFilesBuildPhase section */

/* Begin PBXFileReference section */
		064C56162A534AE0442F897C /* Pods-EventHunter.release.xcconfig */ = {isa = PBXFileReference; includeInIndex = 1; lastKnownFileType = text.xcconfig; name = "Pods-EventHunter.release.xcconfig"; path = "Target Support Files/Pods-EventHunter/Pods-EventHunter.release.xcconfig"; sourceTree = "<group>"; };
		19D5D3020846A0CBD06B2A75 /* Pods_EventHunter.framework */ = {isa = PBXFileReference; explicitFileType = wrapper.framework; includeInIndex = 0; path = Pods_EventHunter.framework; sourceTree = BUILT_PRODUCTS_DIR; };
		61503289F9853B9658E61284 /* Pods-EventHunter.debug.xcconfig */ = {isa = PBXFileReference; includeInIndex = 1; lastKnownFileType = text.xcconfig; name = "Pods-EventHunter.debug.xcconfig"; path = "Target Support Files/Pods-EventHunter/Pods-EventHunter.debug.xcconfig"; sourceTree = "<group>"; };
		850201D625892B200085F0E4 /* DetailsEventViewModel.swift */ = {isa = PBXFileReference; lastKnownFileType = sourcecode.swift; path = DetailsEventViewModel.swift; sourceTree = "<group>"; };
		850201D82589322D0085F0E4 /* DetailsEventViewCell.swift */ = {isa = PBXFileReference; lastKnownFileType = sourcecode.swift; path = DetailsEventViewCell.swift; sourceTree = "<group>"; };
		850201E52589543E0085F0E4 /* EventListCustomView.swift */ = {isa = PBXFileReference; lastKnownFileType = sourcecode.swift; path = EventListCustomView.swift; sourceTree = "<group>"; };
		850201E725895B950085F0E4 /* DetailsEventCustomView.swift */ = {isa = PBXFileReference; lastKnownFileType = sourcecode.swift; path = DetailsEventCustomView.swift; sourceTree = "<group>"; };
		85020201258A899F0085F0E4 /* FormCheckinViewModel.swift */ = {isa = PBXFileReference; lastKnownFileType = sourcecode.swift; path = FormCheckinViewModel.swift; sourceTree = "<group>"; };
		85020203258A89CD0085F0E4 /* FormCheckinCustomView.swift */ = {isa = PBXFileReference; lastKnownFileType = sourcecode.swift; path = FormCheckinCustomView.swift; sourceTree = "<group>"; };
		85020207258A8C810085F0E4 /* MapEventViewModel.swift */ = {isa = PBXFileReference; lastKnownFileType = sourcecode.swift; path = MapEventViewModel.swift; sourceTree = "<group>"; };
		85020209258A8CAE0085F0E4 /* MapEventCustomView.swift */ = {isa = PBXFileReference; lastKnownFileType = sourcecode.swift; path = MapEventCustomView.swift; sourceTree = "<group>"; };
		852A6087258B882600730EB2 /* en */ = {isa = PBXFileReference; lastKnownFileType = text.plist.strings; name = en; path = en.lproj/Localizable.strings; sourceTree = "<group>"; };
		852A6093258BC55C00730EB2 /* EventHunterUITests.xctest */ = {isa = PBXFileReference; explicitFileType = wrapper.cfbundle; includeInIndex = 0; path = EventHunterUITests.xctest; sourceTree = BUILT_PRODUCTS_DIR; };
		852A6095258BC55C00730EB2 /* EventHunterUITests.swift */ = {isa = PBXFileReference; lastKnownFileType = sourcecode.swift; path = EventHunterUITests.swift; sourceTree = "<group>"; };
		852A6097258BC55C00730EB2 /* Info.plist */ = {isa = PBXFileReference; lastKnownFileType = text.plist.xml; path = Info.plist; sourceTree = "<group>"; };
		85472C2E258851C100B8739F /* mNetwork.framework */ = {isa = PBXFileReference; explicitFileType = wrapper.framework; path = mNetwork.framework; sourceTree = BUILT_PRODUCTS_DIR; };
		85472C36258854D700B8739F /* EventViewController.swift */ = {isa = PBXFileReference; lastKnownFileType = sourcecode.swift; path = EventViewController.swift; sourceTree = "<group>"; };
		85472C382588554400B8739F /* EventListViewModelProtocol.swift */ = {isa = PBXFileReference; lastKnownFileType = sourcecode.swift; path = EventListViewModelProtocol.swift; sourceTree = "<group>"; };
		855E676426D87F5A000E9DCD /* EventListViewModelDelegate.swift */ = {isa = PBXFileReference; lastKnownFileType = sourcecode.swift; path = EventListViewModelDelegate.swift; sourceTree = "<group>"; };
		855E676826D88632000E9DCD /* ErrorView.swift */ = {isa = PBXFileReference; lastKnownFileType = sourcecode.swift; path = ErrorView.swift; sourceTree = "<group>"; };
		85627D232587F937009DF0C8 /* EventHunter.app */ = {isa = PBXFileReference; explicitFileType = wrapper.application; includeInIndex = 0; path = EventHunter.app; sourceTree = BUILT_PRODUCTS_DIR; };
		85627D262587F937009DF0C8 /* AppDelegate.swift */ = {isa = PBXFileReference; lastKnownFileType = sourcecode.swift; path = AppDelegate.swift; sourceTree = "<group>"; };
		85627D2F2587F938009DF0C8 /* Assets.xcassets */ = {isa = PBXFileReference; lastKnownFileType = folder.assetcatalog; path = Assets.xcassets; sourceTree = "<group>"; };
		85627D322587F938009DF0C8 /* Base */ = {isa = PBXFileReference; lastKnownFileType = file.storyboard; name = Base; path = Base.lproj/LaunchScreen.storyboard; sourceTree = "<group>"; };
		85627D342587F938009DF0C8 /* Info.plist */ = {isa = PBXFileReference; lastKnownFileType = text.plist.xml; path = Info.plist; sourceTree = "<group>"; };
		8580FD09258FB32500BB9DE1 /* EventModel.swift */ = {isa = PBXFileReference; fileEncoding = 4; lastKnownFileType = sourcecode.swift; path = EventModel.swift; sourceTree = "<group>"; };
		8591B527258AA605008AE1B5 /* checking.json */ = {isa = PBXFileReference; fileEncoding = 4; lastKnownFileType = text.json; path = checking.json; sourceTree = "<group>"; };
		85A24F5B2588D24500692C8E /* EventListViewModel.swift */ = {isa = PBXFileReference; lastKnownFileType = sourcecode.swift; path = EventListViewModel.swift; sourceTree = "<group>"; };
		85A24F5E2588D5D000692C8E /* EventCardViewCell.swift */ = {isa = PBXFileReference; lastKnownFileType = sourcecode.swift; path = EventCardViewCell.swift; sourceTree = "<group>"; };
		85A24F862588D7B300692C8E /* mCore.framework */ = {isa = PBXFileReference; explicitFileType = wrapper.framework; path = mCore.framework; sourceTree = BUILT_PRODUCTS_DIR; };
		85C27B74259127630013C23D /* EventHunterTests.xctest */ = {isa = PBXFileReference; explicitFileType = wrapper.cfbundle; includeInIndex = 0; path = EventHunterTests.xctest; sourceTree = BUILT_PRODUCTS_DIR; };
		85C27B76259127630013C23D /* EventHunterTests.swift */ = {isa = PBXFileReference; lastKnownFileType = sourcecode.swift; path = EventHunterTests.swift; sourceTree = "<group>"; };
		85C27B78259127630013C23D /* Info.plist */ = {isa = PBXFileReference; lastKnownFileType = text.plist.xml; path = Info.plist; sourceTree = "<group>"; };
/* End PBXFileReference section */

/* Begin PBXFrameworksBuildPhase section */
		852A6090258BC55C00730EB2 /* Frameworks */ = {
			isa = PBXFrameworksBuildPhase;
			buildActionMask = 2147483647;
			files = (
			);
			runOnlyForDeploymentPostprocessing = 0;
		};
		85627D202587F937009DF0C8 /* Frameworks */ = {
			isa = PBXFrameworksBuildPhase;
			buildActionMask = 2147483647;
			files = (
				85A24F872588D7B300692C8E /* mCore.framework in Frameworks */,
				85472C2F258851C100B8739F /* mNetwork.framework in Frameworks */,
				611A0E38BF0DB35F1A55A369 /* Pods_EventHunter.framework in Frameworks */,
			);
			runOnlyForDeploymentPostprocessing = 0;
		};
		85C27B71259127630013C23D /* Frameworks */ = {
			isa = PBXFrameworksBuildPhase;
			buildActionMask = 2147483647;
			files = (
			);
			runOnlyForDeploymentPostprocessing = 0;
		};
/* End PBXFrameworksBuildPhase section */

/* Begin PBXGroup section */
		55745C1DAA9B9B7B48A86488 /* Pods */ = {
			isa = PBXGroup;
			children = (
				61503289F9853B9658E61284 /* Pods-EventHunter.debug.xcconfig */,
				064C56162A534AE0442F897C /* Pods-EventHunter.release.xcconfig */,
			);
			name = Pods;
			path = ../../Pods;
			sourceTree = "<group>";
		};
		850201FF258A87A90085F0E4 /* Cells */ = {
			isa = PBXGroup;
			children = (
				850201D82589322D0085F0E4 /* DetailsEventViewCell.swift */,
			);
			path = Cells;
			sourceTree = "<group>";
		};
		85020200258A87CE0085F0E4 /* Superviews */ = {
			isa = PBXGroup;
			children = (
				850201E52589543E0085F0E4 /* EventListCustomView.swift */,
				850201E725895B950085F0E4 /* DetailsEventCustomView.swift */,
				85020203258A89CD0085F0E4 /* FormCheckinCustomView.swift */,
				85020209258A8CAE0085F0E4 /* MapEventCustomView.swift */,
			);
			path = Superviews;
			sourceTree = "<group>";
		};
		852A6083258B880600730EB2 /* Localizable */ = {
			isa = PBXGroup;
			children = (
				852A6088258B882600730EB2 /* Localizable.strings */,
			);
			path = Localizable;
			sourceTree = "<group>";
		};
		852A6094258BC55C00730EB2 /* EventHunterUITests */ = {
			isa = PBXGroup;
			children = (
				852A6095258BC55C00730EB2 /* EventHunterUITests.swift */,
				852A6097258BC55C00730EB2 /* Info.plist */,
			);
			path = EventHunterUITests;
			sourceTree = "<group>";
		};
		85472C32258851E700B8739F /* Scenes */ = {
			isa = PBXGroup;
			children = (
				855E676326D87E3A000E9DCD /* EventDetail */,
				855E676226D87E12000E9DCD /* EventList */,
				8580FD05258FB24200BB9DE1 /* Models */,
				85472C3B258857FA00B8739F /* ViewModels */,
				85A24F5D2588D5B900692C8E /* Views */,
			);
			path = Scenes;
			sourceTree = "<group>";
		};
		85472C342588522600B8739F /* Config */ = {
			isa = PBXGroup;
			children = (
				85627D342587F938009DF0C8 /* Info.plist */,
			);
			path = Config;
			sourceTree = "<group>";
		};
		85472C352588523500B8739F /* Resources */ = {
			isa = PBXGroup;
			children = (
				852A6083258B880600730EB2 /* Localizable */,
				8591B526258AA5D4008AE1B5 /* Animations */,
				85627D312587F938009DF0C8 /* LaunchScreen.storyboard */,
				85627D2F2587F938009DF0C8 /* Assets.xcassets */,
			);
			path = Resources;
			sourceTree = "<group>";
		};
		85472C3B258857FA00B8739F /* ViewModels */ = {
			isa = PBXGroup;
			children = (
				850201D625892B200085F0E4 /* DetailsEventViewModel.swift */,
				85020201258A899F0085F0E4 /* FormCheckinViewModel.swift */,
				85020207258A8C810085F0E4 /* MapEventViewModel.swift */,
			);
			path = ViewModels;
			sourceTree = "<group>";
		};
		855E676226D87E12000E9DCD /* EventList */ = {
			isa = PBXGroup;
			children = (
				855E676726D885B8000E9DCD /* Views */,
				855E676626D885A7000E9DCD /* ViewModel */,
			);
			path = EventList;
			sourceTree = "<group>";
		};
		855E676326D87E3A000E9DCD /* EventDetail */ = {
			isa = PBXGroup;
			children = (
			);
			path = EventDetail;
			sourceTree = "<group>";
		};
		855E676626D885A7000E9DCD /* ViewModel */ = {
			isa = PBXGroup;
			children = (
				85A24F5B2588D24500692C8E /* EventListViewModel.swift */,
				855E676426D87F5A000E9DCD /* EventListViewModelDelegate.swift */,
				85472C382588554400B8739F /* EventListViewModelProtocol.swift */,
			);
			path = ViewModel;
			sourceTree = "<group>";
		};
		855E676726D885B8000E9DCD /* Views */ = {
			isa = PBXGroup;
			children = (
				85472C36258854D700B8739F /* EventViewController.swift */,
				855E676826D88632000E9DCD /* ErrorView.swift */,
				85A24F5E2588D5D000692C8E /* EventCardViewCell.swift */,
			);
			path = Views;
			sourceTree = "<group>";
		};
		85627D1A2587F937009DF0C8 = {
			isa = PBXGroup;
			children = (
				85627D252587F937009DF0C8 /* Sources */,
				85472C352588523500B8739F /* Resources */,
				85472C342588522600B8739F /* Config */,
				852A6094258BC55C00730EB2 /* EventHunterUITests */,
				85C27B75259127630013C23D /* EventHunterTests */,
				85627D242587F937009DF0C8 /* Products */,
				55745C1DAA9B9B7B48A86488 /* Pods */,
				87BC913579CFC12855B9C1E7 /* Frameworks */,
			);
			sourceTree = "<group>";
		};
		85627D242587F937009DF0C8 /* Products */ = {
			isa = PBXGroup;
			children = (
				85627D232587F937009DF0C8 /* EventHunter.app */,
				852A6093258BC55C00730EB2 /* EventHunterUITests.xctest */,
				85C27B74259127630013C23D /* EventHunterTests.xctest */,
			);
			name = Products;
			sourceTree = "<group>";
		};
		85627D252587F937009DF0C8 /* Sources */ = {
			isa = PBXGroup;
			children = (
				85627D262587F937009DF0C8 /* AppDelegate.swift */,
				85472C32258851E700B8739F /* Scenes */,
				85C27B6D259124EC0013C23D /* Utils */,
			);
			path = Sources;
			sourceTree = "<group>";
		};
		8580FD05258FB24200BB9DE1 /* Models */ = {
			isa = PBXGroup;
			children = (
				8580FD09258FB32500BB9DE1 /* EventModel.swift */,
			);
			path = Models;
			sourceTree = "<group>";
		};
		8591B526258AA5D4008AE1B5 /* Animations */ = {
			isa = PBXGroup;
			children = (
				8591B527258AA605008AE1B5 /* checking.json */,
			);
			path = Animations;
			sourceTree = "<group>";
		};
		85A24F5D2588D5B900692C8E /* Views */ = {
			isa = PBXGroup;
			children = (
				85020200258A87CE0085F0E4 /* Superviews */,
				850201FF258A87A90085F0E4 /* Cells */,
			);
			path = Views;
			sourceTree = "<group>";
		};
		85C27B6D259124EC0013C23D /* Utils */ = {
			isa = PBXGroup;
			children = (
			);
			path = Utils;
			sourceTree = "<group>";
		};
		85C27B75259127630013C23D /* EventHunterTests */ = {
			isa = PBXGroup;
			children = (
				85C27B76259127630013C23D /* EventHunterTests.swift */,
				85C27B78259127630013C23D /* Info.plist */,
			);
			path = EventHunterTests;
			sourceTree = "<group>";
		};
		87BC913579CFC12855B9C1E7 /* Frameworks */ = {
			isa = PBXGroup;
			children = (
				85A24F862588D7B300692C8E /* mCore.framework */,
				85472C2E258851C100B8739F /* mNetwork.framework */,
				19D5D3020846A0CBD06B2A75 /* Pods_EventHunter.framework */,
			);
			name = Frameworks;
			sourceTree = "<group>";
		};
/* End PBXGroup section */

/* Begin PBXNativeTarget section */
		852A6092258BC55C00730EB2 /* EventHunterUITests */ = {
			isa = PBXNativeTarget;
			buildConfigurationList = 852A609A258BC55C00730EB2 /* Build configuration list for PBXNativeTarget "EventHunterUITests" */;
			buildPhases = (
				852A608F258BC55C00730EB2 /* Sources */,
				852A6090258BC55C00730EB2 /* Frameworks */,
				852A6091258BC55C00730EB2 /* Resources */,
			);
			buildRules = (
			);
			dependencies = (
				852A6099258BC55C00730EB2 /* PBXTargetDependency */,
			);
			name = EventHunterUITests;
			productName = EventHunterUITests;
			productReference = 852A6093258BC55C00730EB2 /* EventHunterUITests.xctest */;
			productType = "com.apple.product-type.bundle.ui-testing";
		};
		85627D222587F937009DF0C8 /* EventHunter */ = {
			isa = PBXNativeTarget;
			buildConfigurationList = 85627D372587F938009DF0C8 /* Build configuration list for PBXNativeTarget "EventHunter" */;
			buildPhases = (
				E5787A857256E71D349FC0A6 /* [CP] Check Pods Manifest.lock */,
				85627D1F2587F937009DF0C8 /* Sources */,
				85627D202587F937009DF0C8 /* Frameworks */,
				85627D212587F937009DF0C8 /* Resources */,
				85472C31258851C200B8739F /* Embed Frameworks */,
				A4B0650E6E1E72DC3D99A28D /* [CP] Embed Pods Frameworks */,
			);
			buildRules = (
			);
			dependencies = (
			);
			name = EventHunter;
			productName = EventHunter;
			productReference = 85627D232587F937009DF0C8 /* EventHunter.app */;
			productType = "com.apple.product-type.application";
		};
		85C27B73259127630013C23D /* EventHunterTests */ = {
			isa = PBXNativeTarget;
			buildConfigurationList = 85C27B7B259127630013C23D /* Build configuration list for PBXNativeTarget "EventHunterTests" */;
			buildPhases = (
				85C27B70259127630013C23D /* Sources */,
				85C27B71259127630013C23D /* Frameworks */,
				85C27B72259127630013C23D /* Resources */,
			);
			buildRules = (
			);
			dependencies = (
				85C27B7A259127630013C23D /* PBXTargetDependency */,
			);
			name = EventHunterTests;
			productName = EventHunterTests;
			productReference = 85C27B74259127630013C23D /* EventHunterTests.xctest */;
			productType = "com.apple.product-type.bundle.unit-test";
		};
/* End PBXNativeTarget section */

/* Begin PBXProject section */
		85627D1B2587F937009DF0C8 /* Project object */ = {
			isa = PBXProject;
			attributes = {
				LastSwiftUpdateCheck = 1230;
				LastUpgradeCheck = 1220;
				TargetAttributes = {
					852A6092258BC55C00730EB2 = {
						CreatedOnToolsVersion = 12.2;
						TestTargetID = 85627D222587F937009DF0C8;
					};
					85627D222587F937009DF0C8 = {
						CreatedOnToolsVersion = 12.2;
					};
					85C27B73259127630013C23D = {
						CreatedOnToolsVersion = 12.3;
						TestTargetID = 85627D222587F937009DF0C8;
					};
				};
			};
			buildConfigurationList = 85627D1E2587F937009DF0C8 /* Build configuration list for PBXProject "EventHunter" */;
			compatibilityVersion = "Xcode 9.3";
			developmentRegion = en;
			hasScannedForEncodings = 0;
			knownRegions = (
				en,
				Base,
			);
			mainGroup = 85627D1A2587F937009DF0C8;
			productRefGroup = 85627D242587F937009DF0C8 /* Products */;
			projectDirPath = "";
			projectRoot = "";
			targets = (
				85627D222587F937009DF0C8 /* EventHunter */,
				852A6092258BC55C00730EB2 /* EventHunterUITests */,
				85C27B73259127630013C23D /* EventHunterTests */,
			);
		};
/* End PBXProject section */

/* Begin PBXResourcesBuildPhase section */
		852A6091258BC55C00730EB2 /* Resources */ = {
			isa = PBXResourcesBuildPhase;
			buildActionMask = 2147483647;
			files = (
			);
			runOnlyForDeploymentPostprocessing = 0;
		};
		85627D212587F937009DF0C8 /* Resources */ = {
			isa = PBXResourcesBuildPhase;
			buildActionMask = 2147483647;
			files = (
				85627D332587F938009DF0C8 /* LaunchScreen.storyboard in Resources */,
				852A6086258B882600730EB2 /* Localizable.strings in Resources */,
				8591B528258AA605008AE1B5 /* checking.json in Resources */,
				85627D302587F938009DF0C8 /* Assets.xcassets in Resources */,
			);
			runOnlyForDeploymentPostprocessing = 0;
		};
		85C27B72259127630013C23D /* Resources */ = {
			isa = PBXResourcesBuildPhase;
			buildActionMask = 2147483647;
			files = (
			);
			runOnlyForDeploymentPostprocessing = 0;
		};
/* End PBXResourcesBuildPhase section */

/* Begin PBXShellScriptBuildPhase section */
		A4B0650E6E1E72DC3D99A28D /* [CP] Embed Pods Frameworks */ = {
			isa = PBXShellScriptBuildPhase;
			buildActionMask = 2147483647;
			files = (
			);
			inputFileListPaths = (
				"${PODS_ROOT}/Target Support Files/Pods-EventHunter/Pods-EventHunter-frameworks-${CONFIGURATION}-input-files.xcfilelist",
			);
			name = "[CP] Embed Pods Frameworks";
			outputFileListPaths = (
				"${PODS_ROOT}/Target Support Files/Pods-EventHunter/Pods-EventHunter-frameworks-${CONFIGURATION}-output-files.xcfilelist",
			);
			runOnlyForDeploymentPostprocessing = 0;
			shellPath = /bin/sh;
			shellScript = "\"${PODS_ROOT}/Target Support Files/Pods-EventHunter/Pods-EventHunter-frameworks.sh\"\n";
			showEnvVarsInLog = 0;
		};
		E5787A857256E71D349FC0A6 /* [CP] Check Pods Manifest.lock */ = {
			isa = PBXShellScriptBuildPhase;
			buildActionMask = 2147483647;
			files = (
			);
			inputFileListPaths = (
			);
			inputPaths = (
				"${PODS_PODFILE_DIR_PATH}/Podfile.lock",
				"${PODS_ROOT}/Manifest.lock",
			);
			name = "[CP] Check Pods Manifest.lock";
			outputFileListPaths = (
			);
			outputPaths = (
				"$(DERIVED_FILE_DIR)/Pods-EventHunter-checkManifestLockResult.txt",
			);
			runOnlyForDeploymentPostprocessing = 0;
			shellPath = /bin/sh;
			shellScript = "diff \"${PODS_PODFILE_DIR_PATH}/Podfile.lock\" \"${PODS_ROOT}/Manifest.lock\" > /dev/null\nif [ $? != 0 ] ; then\n    # print error to STDERR\n    echo \"error: The sandbox is not in sync with the Podfile.lock. Run 'pod install' or update your CocoaPods installation.\" >&2\n    exit 1\nfi\n# This output is used by Xcode 'outputs' to avoid re-running this script phase.\necho \"SUCCESS\" > \"${SCRIPT_OUTPUT_FILE_0}\"\n";
			showEnvVarsInLog = 0;
		};
/* End PBXShellScriptBuildPhase section */

/* Begin PBXSourcesBuildPhase section */
		852A608F258BC55C00730EB2 /* Sources */ = {
			isa = PBXSourcesBuildPhase;
			buildActionMask = 2147483647;
			files = (
				852A6096258BC55C00730EB2 /* EventHunterUITests.swift in Sources */,
			);
			runOnlyForDeploymentPostprocessing = 0;
		};
		85627D1F2587F937009DF0C8 /* Sources */ = {
			isa = PBXSourcesBuildPhase;
			buildActionMask = 2147483647;
			files = (
				85020208258A8C810085F0E4 /* MapEventViewModel.swift in Sources */,
				8502020A258A8CAE0085F0E4 /* MapEventCustomView.swift in Sources */,
				85627D272587F937009DF0C8 /* AppDelegate.swift in Sources */,
				850201E62589543E0085F0E4 /* EventListCustomView.swift in Sources */,
				8580FD0A258FB32500BB9DE1 /* EventModel.swift in Sources */,
				850201D92589322D0085F0E4 /* DetailsEventViewCell.swift in Sources */,
				85A24F5C2588D24500692C8E /* EventListViewModel.swift in Sources */,
				85472C392588554400B8739F /* EventListViewModelProtocol.swift in Sources */,
				85A24F5F2588D5D000692C8E /* EventCardViewCell.swift in Sources */,
				850201D725892B200085F0E4 /* DetailsEventViewModel.swift in Sources */,
				85472C37258854D700B8739F /* EventViewController.swift in Sources */,
				855E676526D87F5A000E9DCD /* EventListViewModelDelegate.swift in Sources */,
				85020202258A899F0085F0E4 /* FormCheckinViewModel.swift in Sources */,
				85020204258A89CD0085F0E4 /* FormCheckinCustomView.swift in Sources */,
				850201E825895B950085F0E4 /* DetailsEventCustomView.swift in Sources */,
				855E676926D88632000E9DCD /* ErrorView.swift in Sources */,
			);
			runOnlyForDeploymentPostprocessing = 0;
		};
		85C27B70259127630013C23D /* Sources */ = {
			isa = PBXSourcesBuildPhase;
			buildActionMask = 2147483647;
			files = (
				85C27B77259127630013C23D /* EventHunterTests.swift in Sources */,
			);
			runOnlyForDeploymentPostprocessing = 0;
		};
/* End PBXSourcesBuildPhase section */

/* Begin PBXTargetDependency section */
		852A6099258BC55C00730EB2 /* PBXTargetDependency */ = {
			isa = PBXTargetDependency;
			target = 85627D222587F937009DF0C8 /* EventHunter */;
			targetProxy = 852A6098258BC55C00730EB2 /* PBXContainerItemProxy */;
		};
		85C27B7A259127630013C23D /* PBXTargetDependency */ = {
			isa = PBXTargetDependency;
			target = 85627D222587F937009DF0C8 /* EventHunter */;
			targetProxy = 85C27B79259127630013C23D /* PBXContainerItemProxy */;
		};
/* End PBXTargetDependency section */

/* Begin PBXVariantGroup section */
		852A6088258B882600730EB2 /* Localizable.strings */ = {
			isa = PBXVariantGroup;
			children = (
				852A6087258B882600730EB2 /* en */,
			);
			name = Localizable.strings;
			sourceTree = "<group>";
		};
		85627D312587F938009DF0C8 /* LaunchScreen.storyboard */ = {
			isa = PBXVariantGroup;
			children = (
				85627D322587F938009DF0C8 /* Base */,
			);
			name = LaunchScreen.storyboard;
			sourceTree = "<group>";
		};
/* End PBXVariantGroup section */

/* Begin XCBuildConfiguration section */
		852A609B258BC55C00730EB2 /* Debug */ = {
			isa = XCBuildConfiguration;
			buildSettings = {
				CODE_SIGN_STYLE = Automatic;
				DEVELOPMENT_TEAM = 3T7W6T7535;
				INFOPLIST_FILE = EventHunterUITests/Info.plist;
				LD_RUNPATH_SEARCH_PATHS = (
					"$(inherited)",
					"@executable_path/Frameworks",
					"@loader_path/Frameworks",
				);
				PRODUCT_BUNDLE_IDENTIFIER = mateussousa.EventHunterUITests;
				PRODUCT_NAME = "$(TARGET_NAME)";
				SWIFT_VERSION = 5.0;
				TARGETED_DEVICE_FAMILY = "1,2";
				TEST_TARGET_NAME = EventHunter;
			};
			name = Debug;
		};
		852A609C258BC55C00730EB2 /* Release */ = {
			isa = XCBuildConfiguration;
			buildSettings = {
				CODE_SIGN_STYLE = Automatic;
				DEVELOPMENT_TEAM = 3T7W6T7535;
				INFOPLIST_FILE = EventHunterUITests/Info.plist;
				LD_RUNPATH_SEARCH_PATHS = (
					"$(inherited)",
					"@executable_path/Frameworks",
					"@loader_path/Frameworks",
				);
				PRODUCT_BUNDLE_IDENTIFIER = mateussousa.EventHunterUITests;
				PRODUCT_NAME = "$(TARGET_NAME)";
				SWIFT_VERSION = 5.0;
				TARGETED_DEVICE_FAMILY = "1,2";
				TEST_TARGET_NAME = EventHunter;
			};
			name = Release;
		};
		85627D352587F938009DF0C8 /* Debug */ = {
			isa = XCBuildConfiguration;
			buildSettings = {
				ALWAYS_SEARCH_USER_PATHS = NO;
				CLANG_ANALYZER_NONNULL = YES;
				CLANG_ANALYZER_NUMBER_OBJECT_CONVERSION = YES_AGGRESSIVE;
				CLANG_CXX_LANGUAGE_STANDARD = "gnu++14";
				CLANG_CXX_LIBRARY = "libc++";
				CLANG_ENABLE_MODULES = YES;
				CLANG_ENABLE_OBJC_ARC = YES;
				CLANG_ENABLE_OBJC_WEAK = YES;
				CLANG_WARN_BLOCK_CAPTURE_AUTORELEASING = YES;
				CLANG_WARN_BOOL_CONVERSION = YES;
				CLANG_WARN_COMMA = YES;
				CLANG_WARN_CONSTANT_CONVERSION = YES;
				CLANG_WARN_DEPRECATED_OBJC_IMPLEMENTATIONS = YES;
				CLANG_WARN_DIRECT_OBJC_ISA_USAGE = YES_ERROR;
				CLANG_WARN_DOCUMENTATION_COMMENTS = YES;
				CLANG_WARN_EMPTY_BODY = YES;
				CLANG_WARN_ENUM_CONVERSION = YES;
				CLANG_WARN_INFINITE_RECURSION = YES;
				CLANG_WARN_INT_CONVERSION = YES;
				CLANG_WARN_NON_LITERAL_NULL_CONVERSION = YES;
				CLANG_WARN_OBJC_IMPLICIT_RETAIN_SELF = YES;
				CLANG_WARN_OBJC_LITERAL_CONVERSION = YES;
				CLANG_WARN_OBJC_ROOT_CLASS = YES_ERROR;
				CLANG_WARN_QUOTED_INCLUDE_IN_FRAMEWORK_HEADER = YES;
				CLANG_WARN_RANGE_LOOP_ANALYSIS = YES;
				CLANG_WARN_STRICT_PROTOTYPES = YES;
				CLANG_WARN_SUSPICIOUS_MOVE = YES;
				CLANG_WARN_UNGUARDED_AVAILABILITY = YES_AGGRESSIVE;
				CLANG_WARN_UNREACHABLE_CODE = YES;
				CLANG_WARN__DUPLICATE_METHOD_MATCH = YES;
				COPY_PHASE_STRIP = NO;
				DEBUG_INFORMATION_FORMAT = dwarf;
				ENABLE_STRICT_OBJC_MSGSEND = YES;
				ENABLE_TESTABILITY = YES;
				GCC_C_LANGUAGE_STANDARD = gnu11;
				GCC_DYNAMIC_NO_PIC = NO;
				GCC_NO_COMMON_BLOCKS = YES;
				GCC_OPTIMIZATION_LEVEL = 0;
				GCC_PREPROCESSOR_DEFINITIONS = (
					"DEBUG=1",
					"$(inherited)",
				);
				GCC_WARN_64_TO_32_BIT_CONVERSION = YES;
				GCC_WARN_ABOUT_RETURN_TYPE = YES_ERROR;
				GCC_WARN_UNDECLARED_SELECTOR = YES;
				GCC_WARN_UNINITIALIZED_AUTOS = YES_AGGRESSIVE;
				GCC_WARN_UNUSED_FUNCTION = YES;
				GCC_WARN_UNUSED_VARIABLE = YES;
				IPHONEOS_DEPLOYMENT_TARGET = 14.2;
				MTL_ENABLE_DEBUG_INFO = INCLUDE_SOURCE;
				MTL_FAST_MATH = YES;
				ONLY_ACTIVE_ARCH = YES;
				SDKROOT = iphoneos;
				SWIFT_ACTIVE_COMPILATION_CONDITIONS = DEBUG;
				SWIFT_OPTIMIZATION_LEVEL = "-Onone";
			};
			name = Debug;
		};
		85627D362587F938009DF0C8 /* Release */ = {
			isa = XCBuildConfiguration;
			buildSettings = {
				ALWAYS_SEARCH_USER_PATHS = NO;
				CLANG_ANALYZER_NONNULL = YES;
				CLANG_ANALYZER_NUMBER_OBJECT_CONVERSION = YES_AGGRESSIVE;
				CLANG_CXX_LANGUAGE_STANDARD = "gnu++14";
				CLANG_CXX_LIBRARY = "libc++";
				CLANG_ENABLE_MODULES = YES;
				CLANG_ENABLE_OBJC_ARC = YES;
				CLANG_ENABLE_OBJC_WEAK = YES;
				CLANG_WARN_BLOCK_CAPTURE_AUTORELEASING = YES;
				CLANG_WARN_BOOL_CONVERSION = YES;
				CLANG_WARN_COMMA = YES;
				CLANG_WARN_CONSTANT_CONVERSION = YES;
				CLANG_WARN_DEPRECATED_OBJC_IMPLEMENTATIONS = YES;
				CLANG_WARN_DIRECT_OBJC_ISA_USAGE = YES_ERROR;
				CLANG_WARN_DOCUMENTATION_COMMENTS = YES;
				CLANG_WARN_EMPTY_BODY = YES;
				CLANG_WARN_ENUM_CONVERSION = YES;
				CLANG_WARN_INFINITE_RECURSION = YES;
				CLANG_WARN_INT_CONVERSION = YES;
				CLANG_WARN_NON_LITERAL_NULL_CONVERSION = YES;
				CLANG_WARN_OBJC_IMPLICIT_RETAIN_SELF = YES;
				CLANG_WARN_OBJC_LITERAL_CONVERSION = YES;
				CLANG_WARN_OBJC_ROOT_CLASS = YES_ERROR;
				CLANG_WARN_QUOTED_INCLUDE_IN_FRAMEWORK_HEADER = YES;
				CLANG_WARN_RANGE_LOOP_ANALYSIS = YES;
				CLANG_WARN_STRICT_PROTOTYPES = YES;
				CLANG_WARN_SUSPICIOUS_MOVE = YES;
				CLANG_WARN_UNGUARDED_AVAILABILITY = YES_AGGRESSIVE;
				CLANG_WARN_UNREACHABLE_CODE = YES;
				CLANG_WARN__DUPLICATE_METHOD_MATCH = YES;
				COPY_PHASE_STRIP = NO;
				DEBUG_INFORMATION_FORMAT = "dwarf-with-dsym";
				ENABLE_NS_ASSERTIONS = NO;
				ENABLE_STRICT_OBJC_MSGSEND = YES;
				GCC_C_LANGUAGE_STANDARD = gnu11;
				GCC_NO_COMMON_BLOCKS = YES;
				GCC_WARN_64_TO_32_BIT_CONVERSION = YES;
				GCC_WARN_ABOUT_RETURN_TYPE = YES_ERROR;
				GCC_WARN_UNDECLARED_SELECTOR = YES;
				GCC_WARN_UNINITIALIZED_AUTOS = YES_AGGRESSIVE;
				GCC_WARN_UNUSED_FUNCTION = YES;
				GCC_WARN_UNUSED_VARIABLE = YES;
				IPHONEOS_DEPLOYMENT_TARGET = 14.2;
				MTL_ENABLE_DEBUG_INFO = NO;
				MTL_FAST_MATH = YES;
				SDKROOT = iphoneos;
				SWIFT_COMPILATION_MODE = wholemodule;
				SWIFT_OPTIMIZATION_LEVEL = "-O";
				VALIDATE_PRODUCT = YES;
			};
			name = Release;
		};
		85627D382587F938009DF0C8 /* Debug */ = {
			isa = XCBuildConfiguration;
			baseConfigurationReference = 61503289F9853B9658E61284 /* Pods-EventHunter.debug.xcconfig */;
			buildSettings = {
				ASSETCATALOG_COMPILER_APPICON_NAME = AppIcon;
				ASSETCATALOG_COMPILER_GLOBAL_ACCENT_COLOR_NAME = AccentColor;
				CODE_SIGN_STYLE = Automatic;
				DEVELOPMENT_TEAM = 3T7W6T7535;
				INFOPLIST_FILE = Config/Info.plist;
				IPHONEOS_DEPLOYMENT_TARGET = 9.0;
				LD_RUNPATH_SEARCH_PATHS = (
					"$(inherited)",
					"@executable_path/Frameworks",
				);
				MARKETING_VERSION = 1.0.0;
				PRODUCT_BUNDLE_IDENTIFIER = mateussousa.EventHunter;
				PRODUCT_NAME = "$(TARGET_NAME)";
				SWIFT_VERSION = 5.0;
				TARGETED_DEVICE_FAMILY = 1;
			};
			name = Debug;
		};
		85627D392587F938009DF0C8 /* Release */ = {
			isa = XCBuildConfiguration;
			baseConfigurationReference = 064C56162A534AE0442F897C /* Pods-EventHunter.release.xcconfig */;
			buildSettings = {
				ASSETCATALOG_COMPILER_APPICON_NAME = AppIcon;
				ASSETCATALOG_COMPILER_GLOBAL_ACCENT_COLOR_NAME = AccentColor;
				CODE_SIGN_STYLE = Automatic;
				DEVELOPMENT_TEAM = 3T7W6T7535;
				INFOPLIST_FILE = Config/Info.plist;
				IPHONEOS_DEPLOYMENT_TARGET = 9.0;
				LD_RUNPATH_SEARCH_PATHS = (
					"$(inherited)",
					"@executable_path/Frameworks",
				);
				MARKETING_VERSION = 1.0.0;
				PRODUCT_BUNDLE_IDENTIFIER = mateussousa.EventHunter;
				PRODUCT_NAME = "$(TARGET_NAME)";
				SWIFT_VERSION = 5.0;
				TARGETED_DEVICE_FAMILY = 1;
			};
			name = Release;
		};
		85C27B7C259127630013C23D /* Debug */ = {
			isa = XCBuildConfiguration;
			buildSettings = {
				BUNDLE_LOADER = "$(TEST_HOST)";
				CODE_SIGN_STYLE = Automatic;
				DEVELOPMENT_TEAM = 3T7W6T7535;
				INFOPLIST_FILE = EventHunterTests/Info.plist;
				IPHONEOS_DEPLOYMENT_TARGET = 14.3;
				LD_RUNPATH_SEARCH_PATHS = (
					"$(inherited)",
					"@executable_path/Frameworks",
					"@loader_path/Frameworks",
				);
				PRODUCT_BUNDLE_IDENTIFIER = mateussousa.EventHunterTests;
				PRODUCT_NAME = "$(TARGET_NAME)";
				SWIFT_VERSION = 5.0;
				TARGETED_DEVICE_FAMILY = "1,2";
				TEST_HOST = "$(BUILT_PRODUCTS_DIR)/EventHunter.app/EventHunter";
			};
			name = Debug;
		};
		85C27B7D259127630013C23D /* Release */ = {
			isa = XCBuildConfiguration;
			buildSettings = {
				BUNDLE_LOADER = "$(TEST_HOST)";
				CODE_SIGN_STYLE = Automatic;
				DEVELOPMENT_TEAM = 3T7W6T7535;
				INFOPLIST_FILE = EventHunterTests/Info.plist;
				IPHONEOS_DEPLOYMENT_TARGET = 14.3;
				LD_RUNPATH_SEARCH_PATHS = (
					"$(inherited)",
					"@executable_path/Frameworks",
					"@loader_path/Frameworks",
				);
				PRODUCT_BUNDLE_IDENTIFIER = mateussousa.EventHunterTests;
				PRODUCT_NAME = "$(TARGET_NAME)";
				SWIFT_VERSION = 5.0;
				TARGETED_DEVICE_FAMILY = "1,2";
				TEST_HOST = "$(BUILT_PRODUCTS_DIR)/EventHunter.app/EventHunter";
			};
			name = Release;
		};
/* End XCBuildConfiguration section */

/* Begin XCConfigurationList section */
		852A609A258BC55C00730EB2 /* Build configuration list for PBXNativeTarget "EventHunterUITests" */ = {
			isa = XCConfigurationList;
			buildConfigurations = (
				852A609B258BC55C00730EB2 /* Debug */,
				852A609C258BC55C00730EB2 /* Release */,
			);
			defaultConfigurationIsVisible = 0;
			defaultConfigurationName = Release;
		};
		85627D1E2587F937009DF0C8 /* Build configuration list for PBXProject "EventHunter" */ = {
			isa = XCConfigurationList;
			buildConfigurations = (
				85627D352587F938009DF0C8 /* Debug */,
				85627D362587F938009DF0C8 /* Release */,
			);
			defaultConfigurationIsVisible = 0;
			defaultConfigurationName = Release;
		};
		85627D372587F938009DF0C8 /* Build configuration list for PBXNativeTarget "EventHunter" */ = {
			isa = XCConfigurationList;
			buildConfigurations = (
				85627D382587F938009DF0C8 /* Debug */,
				85627D392587F938009DF0C8 /* Release */,
			);
			defaultConfigurationIsVisible = 0;
			defaultConfigurationName = Release;
		};
		85C27B7B259127630013C23D /* Build configuration list for PBXNativeTarget "EventHunterTests" */ = {
			isa = XCConfigurationList;
			buildConfigurations = (
				85C27B7C259127630013C23D /* Debug */,
				85C27B7D259127630013C23D /* Release */,
			);
			defaultConfigurationIsVisible = 0;
			defaultConfigurationName = Release;
		};
/* End XCConfigurationList section */
	};
	rootObject = 85627D1B2587F937009DF0C8 /* Project object */;
}
